// !$*UTF8*$!
{
	archiveVersion = 1;
	classes = {
	};
	objectVersion = 46;
	objects = {

/* Begin PBXBuildFile section */
		AE82773E18CF781A0019B85C /* Foundation.framework in Frameworks */ = {isa = PBXBuildFile; fileRef = AE82773D18CF781A0019B85C /* Foundation.framework */; };
		AE82774018CF781A0019B85C /* CoreGraphics.framework in Frameworks */ = {isa = PBXBuildFile; fileRef = AE82773F18CF781A0019B85C /* CoreGraphics.framework */; };
		AE82774218CF781A0019B85C /* UIKit.framework in Frameworks */ = {isa = PBXBuildFile; fileRef = AE82774118CF781A0019B85C /* UIKit.framework */; };
		AE82774818CF781A0019B85C /* InfoPlist.strings in Resources */ = {isa = PBXBuildFile; fileRef = AE82774618CF781A0019B85C /* InfoPlist.strings */; };
		AE82774A18CF781A0019B85C /* main.m in Sources */ = {isa = PBXBuildFile; fileRef = AE82774918CF781A0019B85C /* main.m */; };
		AE82774E18CF781A0019B85C /* AppDelegate.m in Sources */ = {isa = PBXBuildFile; fileRef = AE82774D18CF781A0019B85C /* AppDelegate.m */; };
		AE82775018CF781A0019B85C /* Images.xcassets in Resources */ = {isa = PBXBuildFile; fileRef = AE82774F18CF781A0019B85C /* Images.xcassets */; };
		AE82777118CF7BB50019B85C /* UIKit.framework in Frameworks */ = {isa = PBXBuildFile; fileRef = AE82774118CF781A0019B85C /* UIKit.framework */; };
		AE82777218CF7BB50019B85C /* Foundation.framework in Frameworks */ = {isa = PBXBuildFile; fileRef = AE82773D18CF781A0019B85C /* Foundation.framework */; };
		AE82777318CF7BB50019B85C /* CoreGraphics.framework in Frameworks */ = {isa = PBXBuildFile; fileRef = AE82773F18CF781A0019B85C /* CoreGraphics.framework */; };
		AE82777918CF7BB50019B85C /* InfoPlist.strings in Resources */ = {isa = PBXBuildFile; fileRef = AE82777718CF7BB50019B85C /* InfoPlist.strings */; };
		AE82777B18CF7BB50019B85C /* main.m in Sources */ = {isa = PBXBuildFile; fileRef = AE82777A18CF7BB50019B85C /* main.m */; };
		AE82777F18CF7BB60019B85C /* Cedar-iOS.framework in Frameworks */ = {isa = PBXBuildFile; fileRef = AE82777E18CF7BB60019B85C /* Cedar-iOS.framework */; };
		AE82778918CF82370019B85C /* PopularSubredditsViewController.m in Sources */ = {isa = PBXBuildFile; fileRef = AE82778818CF82370019B85C /* PopularSubredditsViewController.m */; };
		AE82778A18CF82370019B85C /* PopularSubredditsViewController.m in Sources */ = {isa = PBXBuildFile; fileRef = AE82778818CF82370019B85C /* PopularSubredditsViewController.m */; };
		AE82778B18CF87FF0019B85C /* AppDelegate.m in Sources */ = {isa = PBXBuildFile; fileRef = AE82774D18CF781A0019B85C /* AppDelegate.m */; };
		AE82778D18CF8AB60019B85C /* AppDelegateSpec.mm in Sources */ = {isa = PBXBuildFile; fileRef = AE82778C18CF8AB60019B85C /* AppDelegateSpec.mm */; };
		AE82778F18CF8D2E0019B85C /* PopularSubredditsViewControllerSpec.mm in Sources */ = {isa = PBXBuildFile; fileRef = AE82778E18CF8D2E0019B85C /* PopularSubredditsViewControllerSpec.mm */; };
		AE82779118CF91330019B85C /* PopularSubredditsViewController.xib in Resources */ = {isa = PBXBuildFile; fileRef = AE82779018CF91330019B85C /* PopularSubredditsViewController.xib */; };
		AE82779218CF91330019B85C /* PopularSubredditsViewController.xib in Resources */ = {isa = PBXBuildFile; fileRef = AE82779018CF91330019B85C /* PopularSubredditsViewController.xib */; };
		AE82779618D0D3990019B85C /* SubredditRepositorySpec.mm in Sources */ = {isa = PBXBuildFile; fileRef = AE82779518D0D3990019B85C /* SubredditRepositorySpec.mm */; };
		AE82779818D111A60019B85C /* HttpRedditClientSpec.mm in Sources */ = {isa = PBXBuildFile; fileRef = AE82779718D111A60019B85C /* HttpRedditClientSpec.mm */; };
		AE8277E318D119FB0019B85C /* libCedarAsync-StaticLib.a in Frameworks */ = {isa = PBXBuildFile; fileRef = AE8277DD18D118DA0019B85C /* libCedarAsync-StaticLib.a */; };
		AE82780C18D2274B0019B85C /* libUIKit+PivotalSpecHelper-StaticLib.a in Frameworks */ = {isa = PBXBuildFile; fileRef = AE82780518D227120019B85C /* libUIKit+PivotalSpecHelper-StaticLib.a */; };
		AE82782118D23E610019B85C /* SubredditViewControllerSpec.mm in Sources */ = {isa = PBXBuildFile; fileRef = AE82782018D23E610019B85C /* SubredditViewControllerSpec.mm */; };
		AE82783C18D2611E0019B85C /* SubredditViewController.xib in Resources */ = {isa = PBXBuildFile; fileRef = AE82783B18D2611E0019B85C /* SubredditViewController.xib */; };
		AE82783D18D2611E0019B85C /* SubredditViewController.xib in Resources */ = {isa = PBXBuildFile; fileRef = AE82783B18D2611E0019B85C /* SubredditViewController.xib */; };
		AE82784A18D374090019B85C /* SubredditPostCell.xib in Resources */ = {isa = PBXBuildFile; fileRef = AE82784918D374090019B85C /* SubredditPostCell.xib */; };
		AE82784B18D374090019B85C /* SubredditPostCell.xib in Resources */ = {isa = PBXBuildFile; fileRef = AE82784918D374090019B85C /* SubredditPostCell.xib */; };
		AE82784E18D3743F0019B85C /* SubredditPostCell.m in Sources */ = {isa = PBXBuildFile; fileRef = AE82784D18D3743F0019B85C /* SubredditPostCell.m */; };
		AE82784F18D3743F0019B85C /* SubredditPostCell.m in Sources */ = {isa = PBXBuildFile; fileRef = AE82784D18D3743F0019B85C /* SubredditPostCell.m */; };
		DE99C19AAD652FF72C136E4B /* SubredditViewController.m in Sources */ = {isa = PBXBuildFile; fileRef = DE99CBB85F86F8C1708C4FA7 /* SubredditViewController.m */; };
		DE99C476FEF9CAEAC34AE8A2 /* SubredditRepository.m in Sources */ = {isa = PBXBuildFile; fileRef = DE99C6331BC7C339E895BFEF /* SubredditRepository.m */; };
		DE99C4AB50B8AD76BC6D33DD /* SubredditRepositoryProvider.m in Sources */ = {isa = PBXBuildFile; fileRef = DE99CFBDEF6474A4397DC2A8 /* SubredditRepositoryProvider.m */; };
		DE99C829A87DEE07AD6A0C8D /* SubredditRepositoryProvider.m in Sources */ = {isa = PBXBuildFile; fileRef = DE99CFBDEF6474A4397DC2A8 /* SubredditRepositoryProvider.m */; };
		DE99C8DD2B690B80196566B0 /* Post.m in Sources */ = {isa = PBXBuildFile; fileRef = DE99C23A05ECBA976D19C0D8 /* Post.m */; };
		DE99C9374359022D9B26741D /* SubredditViewController.m in Sources */ = {isa = PBXBuildFile; fileRef = DE99CBB85F86F8C1708C4FA7 /* SubredditViewController.m */; };
		DE99CC4AC7F0B7D01A45A800 /* Post.m in Sources */ = {isa = PBXBuildFile; fileRef = DE99C23A05ECBA976D19C0D8 /* Post.m */; };
		DE99CD73B5FECA86A04D3860 /* SubredditRepository.m in Sources */ = {isa = PBXBuildFile; fileRef = DE99C6331BC7C339E895BFEF /* SubredditRepository.m */; };
		DE99CE96D1406CC4904B4596 /* HttpRedditClient.m in Sources */ = {isa = PBXBuildFile; fileRef = DE99C15629B7D86DC0818819 /* HttpRedditClient.m */; };
		DE99CFCD46364B38B57335BF /* HttpRedditClient.m in Sources */ = {isa = PBXBuildFile; fileRef = DE99C15629B7D86DC0818819 /* HttpRedditClient.m */; };
/* End PBXBuildFile section */

/* Begin PBXContainerItemProxy section */
		AE8277DA18D118DA0019B85C /* PBXContainerItemProxy */ = {
			isa = PBXContainerItemProxy;
			containerPortal = AE8277D418D118D90019B85C /* CedarAsync.xcodeproj */;
			proxyType = 2;
			remoteGlobalIDString = 961EB81E1633C1EB0062EDA0;
			remoteInfo = CedarAsync;
		};
		AE8277DC18D118DA0019B85C /* PBXContainerItemProxy */ = {
			isa = PBXContainerItemProxy;
			containerPortal = AE8277D418D118D90019B85C /* CedarAsync.xcodeproj */;
			proxyType = 2;
			remoteGlobalIDString = 96D6ECCF16332AEA00F26774;
			remoteInfo = "CedarAsync-StaticLib";
		};
		AE8277DE18D118DA0019B85C /* PBXContainerItemProxy */ = {
			isa = PBXContainerItemProxy;
			containerPortal = AE8277D418D118D90019B85C /* CedarAsync.xcodeproj */;
			proxyType = 2;
			remoteGlobalIDString = 96D6EC9B1633236A00F26774;
			remoteInfo = CedarAsyncSpecs;
		};
		AE82780218D227120019B85C /* PBXContainerItemProxy */ = {
			isa = PBXContainerItemProxy;
			containerPortal = AE8277F518D227120019B85C /* UIKit.xcodeproj */;
			proxyType = 2;
			remoteGlobalIDString = AEBCCC24168B999F0056EE83;
			remoteInfo = "UIKit+PivotalCore-StaticLib";
		};
		AE82780418D227120019B85C /* PBXContainerItemProxy */ = {
			isa = PBXContainerItemProxy;
			containerPortal = AE8277F518D227120019B85C /* UIKit.xcodeproj */;
			proxyType = 2;
			remoteGlobalIDString = AEBCCC64168B9AF10056EE83;
			remoteInfo = "UIKit+PivotalSpecHelper-StaticLib";
		};
		AE82780618D227120019B85C /* PBXContainerItemProxy */ = {
			isa = PBXContainerItemProxy;
			containerPortal = AE8277F518D227120019B85C /* UIKit.xcodeproj */;
			proxyType = 2;
			remoteGlobalIDString = AEC40C89174C203700474D2D;
			remoteInfo = "UIKit+PivotalSpecHelperStubs-StaticLib";
		};
		AE82780818D227120019B85C /* PBXContainerItemProxy */ = {
			isa = PBXContainerItemProxy;
			containerPortal = AE8277F518D227120019B85C /* UIKit.xcodeproj */;
			proxyType = 2;
			remoteGlobalIDString = AEBCCC34168B99ED0056EE83;
			remoteInfo = "UIKit-StaticLibSpec";
		};
		AE82780A18D2273B0019B85C /* PBXContainerItemProxy */ = {
			isa = PBXContainerItemProxy;
			containerPortal = AE8277F518D227120019B85C /* UIKit.xcodeproj */;
			proxyType = 1;
			remoteGlobalIDString = AEBCCC63168B9AF10056EE83;
			remoteInfo = "UIKit+PivotalSpecHelper-StaticLib";
		};
/* End PBXContainerItemProxy section */

/* Begin PBXFileReference section */
		AE82773A18CF781A0019B85C /* redditClient.app */ = {isa = PBXFileReference; explicitFileType = wrapper.application; includeInIndex = 0; path = redditClient.app; sourceTree = BUILT_PRODUCTS_DIR; };
		AE82773D18CF781A0019B85C /* Foundation.framework */ = {isa = PBXFileReference; lastKnownFileType = wrapper.framework; name = Foundation.framework; path = System/Library/Frameworks/Foundation.framework; sourceTree = SDKROOT; };
		AE82773F18CF781A0019B85C /* CoreGraphics.framework */ = {isa = PBXFileReference; lastKnownFileType = wrapper.framework; name = CoreGraphics.framework; path = System/Library/Frameworks/CoreGraphics.framework; sourceTree = SDKROOT; };
		AE82774118CF781A0019B85C /* UIKit.framework */ = {isa = PBXFileReference; lastKnownFileType = wrapper.framework; name = UIKit.framework; path = System/Library/Frameworks/UIKit.framework; sourceTree = SDKROOT; };
		AE82774518CF781A0019B85C /* redditClient-Info.plist */ = {isa = PBXFileReference; lastKnownFileType = text.plist.xml; path = "redditClient-Info.plist"; sourceTree = "<group>"; };
		AE82774718CF781A0019B85C /* en */ = {isa = PBXFileReference; lastKnownFileType = text.plist.strings; name = en; path = en.lproj/InfoPlist.strings; sourceTree = "<group>"; };
		AE82774918CF781A0019B85C /* main.m */ = {isa = PBXFileReference; lastKnownFileType = sourcecode.c.objc; path = main.m; sourceTree = "<group>"; };
		AE82774B18CF781A0019B85C /* redditClient-Prefix.pch */ = {isa = PBXFileReference; lastKnownFileType = sourcecode.c.h; path = "redditClient-Prefix.pch"; sourceTree = "<group>"; };
		AE82774C18CF781A0019B85C /* AppDelegate.h */ = {isa = PBXFileReference; lastKnownFileType = sourcecode.c.h; path = AppDelegate.h; sourceTree = "<group>"; };
		AE82774D18CF781A0019B85C /* AppDelegate.m */ = {isa = PBXFileReference; lastKnownFileType = sourcecode.c.objc; path = AppDelegate.m; sourceTree = "<group>"; };
		AE82774F18CF781A0019B85C /* Images.xcassets */ = {isa = PBXFileReference; lastKnownFileType = folder.assetcatalog; path = Images.xcassets; sourceTree = "<group>"; };
		AE82775618CF781A0019B85C /* XCTest.framework */ = {isa = PBXFileReference; lastKnownFileType = wrapper.framework; name = XCTest.framework; path = Library/Frameworks/XCTest.framework; sourceTree = DEVELOPER_DIR; };
		AE82777018CF7BB50019B85C /* Spec (redditClient).app */ = {isa = PBXFileReference; explicitFileType = wrapper.application; includeInIndex = 0; path = "Spec (redditClient).app"; sourceTree = BUILT_PRODUCTS_DIR; };
		AE82777618CF7BB50019B85C /* Spec (redditClient)-Info.plist */ = {isa = PBXFileReference; lastKnownFileType = text.plist.xml; path = "Spec (redditClient)-Info.plist"; sourceTree = "<group>"; };
		AE82777818CF7BB50019B85C /* en */ = {isa = PBXFileReference; lastKnownFileType = text.plist.strings; name = en; path = en.lproj/InfoPlist.strings; sourceTree = "<group>"; };
		AE82777A18CF7BB50019B85C /* main.m */ = {isa = PBXFileReference; lastKnownFileType = sourcecode.c.objc; path = main.m; sourceTree = "<group>"; };
		AE82777C18CF7BB50019B85C /* Spec (redditClient)-Prefix.pch */ = {isa = PBXFileReference; lastKnownFileType = sourcecode.c.h; path = "Spec (redditClient)-Prefix.pch"; sourceTree = "<group>"; };
		AE82777D18CF7BB50019B85C /* Rakefile */ = {isa = PBXFileReference; lastKnownFileType = text; path = Rakefile; sourceTree = "<group>"; };
		AE82777E18CF7BB60019B85C /* Cedar-iOS.framework */ = {isa = PBXFileReference; lastKnownFileType = wrapper.framework; name = "Cedar-iOS.framework"; path = "Frameworks/Cedar-iOS.framework"; sourceTree = "<group>"; };
		AE82778718CF82370019B85C /* PopularSubredditsViewController.h */ = {isa = PBXFileReference; fileEncoding = 4; lastKnownFileType = sourcecode.c.h; path = PopularSubredditsViewController.h; sourceTree = "<group>"; };
		AE82778818CF82370019B85C /* PopularSubredditsViewController.m */ = {isa = PBXFileReference; fileEncoding = 4; lastKnownFileType = sourcecode.c.objc; path = PopularSubredditsViewController.m; sourceTree = "<group>"; };
		AE82778C18CF8AB60019B85C /* AppDelegateSpec.mm */ = {isa = PBXFileReference; fileEncoding = 4; lastKnownFileType = sourcecode.cpp.objcpp; path = AppDelegateSpec.mm; sourceTree = "<group>"; };
		AE82778E18CF8D2E0019B85C /* PopularSubredditsViewControllerSpec.mm */ = {isa = PBXFileReference; fileEncoding = 4; lastKnownFileType = sourcecode.cpp.objcpp; path = PopularSubredditsViewControllerSpec.mm; sourceTree = "<group>"; };
		AE82779018CF91330019B85C /* PopularSubredditsViewController.xib */ = {isa = PBXFileReference; fileEncoding = 4; lastKnownFileType = file.xib; path = PopularSubredditsViewController.xib; sourceTree = "<group>"; };
		AE82779518D0D3990019B85C /* SubredditRepositorySpec.mm */ = {isa = PBXFileReference; fileEncoding = 4; lastKnownFileType = sourcecode.cpp.objcpp; path = SubredditRepositorySpec.mm; sourceTree = "<group>"; };
		AE82779718D111A60019B85C /* HttpRedditClientSpec.mm */ = {isa = PBXFileReference; fileEncoding = 4; lastKnownFileType = sourcecode.cpp.objcpp; path = HttpRedditClientSpec.mm; sourceTree = "<group>"; };
		AE8277D418D118D90019B85C /* CedarAsync.xcodeproj */ = {isa = PBXFileReference; lastKnownFileType = "wrapper.pb-project"; name = CedarAsync.xcodeproj; path = CedarAsync/CedarAsync.xcodeproj; sourceTree = "<group>"; };
		AE8277F518D227120019B85C /* UIKit.xcodeproj */ = {isa = PBXFileReference; lastKnownFileType = "wrapper.pb-project"; name = UIKit.xcodeproj; path = Externals/PivotalCoreKit/UIKit/UIKit.xcodeproj; sourceTree = SOURCE_ROOT; };
		AE82782018D23E610019B85C /* SubredditViewControllerSpec.mm */ = {isa = PBXFileReference; fileEncoding = 4; lastKnownFileType = sourcecode.cpp.objcpp; path = SubredditViewControllerSpec.mm; sourceTree = "<group>"; };
		AE82783B18D2611E0019B85C /* SubredditViewController.xib */ = {isa = PBXFileReference; fileEncoding = 4; lastKnownFileType = file.xib; path = SubredditViewController.xib; sourceTree = "<group>"; };
		AE82784918D374090019B85C /* SubredditPostCell.xib */ = {isa = PBXFileReference; fileEncoding = 4; lastKnownFileType = file.xib; path = SubredditPostCell.xib; sourceTree = "<group>"; };
		AE82784C18D3743F0019B85C /* SubredditPostCell.h */ = {isa = PBXFileReference; fileEncoding = 4; lastKnownFileType = sourcecode.c.h; path = SubredditPostCell.h; sourceTree = "<group>"; };
		AE82784D18D3743F0019B85C /* SubredditPostCell.m */ = {isa = PBXFileReference; fileEncoding = 4; lastKnownFileType = sourcecode.c.objc; path = SubredditPostCell.m; sourceTree = "<group>"; };
		DE99C0D099572AEB4476FDCF /* RedditAPIClient.h */ = {isa = PBXFileReference; fileEncoding = 4; lastKnownFileType = sourcecode.c.h; path = RedditAPIClient.h; sourceTree = "<group>"; };
		DE99C15629B7D86DC0818819 /* HttpRedditClient.m */ = {isa = PBXFileReference; fileEncoding = 4; lastKnownFileType = sourcecode.c.objc; path = HttpRedditClient.m; sourceTree = "<group>"; };
		DE99C23A05ECBA976D19C0D8 /* Post.m */ = {isa = PBXFileReference; fileEncoding = 4; lastKnownFileType = sourcecode.c.objc; name = Post.m; path = redditClient/Post.m; sourceTree = "<group>"; };
		DE99C560C21032003C8563CD /* HttpRedditClient.h */ = {isa = PBXFileReference; fileEncoding = 4; lastKnownFileType = sourcecode.c.h; path = HttpRedditClient.h; sourceTree = "<group>"; };
		DE99C6331BC7C339E895BFEF /* SubredditRepository.m */ = {isa = PBXFileReference; fileEncoding = 4; lastKnownFileType = sourcecode.c.objc; path = SubredditRepository.m; sourceTree = "<group>"; };
		DE99CA1C614EEA7752E2C16E /* SubredditRepository.h */ = {isa = PBXFileReference; fileEncoding = 4; lastKnownFileType = sourcecode.c.h; path = SubredditRepository.h; sourceTree = "<group>"; };
		DE99CA57149FB810E8C1B0B3 /* Post.h */ = {isa = PBXFileReference; fileEncoding = 4; lastKnownFileType = sourcecode.c.h; name = Post.h; path = redditClient/Post.h; sourceTree = "<group>"; };
		DE99CBB85F86F8C1708C4FA7 /* SubredditViewController.m */ = {isa = PBXFileReference; fileEncoding = 4; lastKnownFileType = sourcecode.c.objc; name = SubredditViewController.m; path = ../SubredditViewController.m; sourceTree = "<group>"; };
		DE99CDC1E293857B82FA30FA /* SubredditRepositoryProvider.h */ = {isa = PBXFileReference; fileEncoding = 4; lastKnownFileType = sourcecode.c.h; path = SubredditRepositoryProvider.h; sourceTree = "<group>"; };
		DE99CFB14C36442CA32977B4 /* SubredditViewController.h */ = {isa = PBXFileReference; fileEncoding = 4; lastKnownFileType = sourcecode.c.h; name = SubredditViewController.h; path = ../SubredditViewController.h; sourceTree = "<group>"; };
		DE99CFBDEF6474A4397DC2A8 /* SubredditRepositoryProvider.m */ = {isa = PBXFileReference; fileEncoding = 4; lastKnownFileType = sourcecode.c.objc; path = SubredditRepositoryProvider.m; sourceTree = "<group>"; };
/* End PBXFileReference section */

/* Begin PBXFrameworksBuildPhase section */
		AE82773718CF781A0019B85C /* Frameworks */ = {
			isa = PBXFrameworksBuildPhase;
			buildActionMask = 2147483647;
			files = (
				AE82774018CF781A0019B85C /* CoreGraphics.framework in Frameworks */,
				AE82774218CF781A0019B85C /* UIKit.framework in Frameworks */,
				AE82773E18CF781A0019B85C /* Foundation.framework in Frameworks */,
			);
			runOnlyForDeploymentPostprocessing = 0;
		};
		AE82776D18CF7BB50019B85C /* Frameworks */ = {
			isa = PBXFrameworksBuildPhase;
			buildActionMask = 2147483647;
			files = (
				AE82780C18D2274B0019B85C /* libUIKit+PivotalSpecHelper-StaticLib.a in Frameworks */,
				AE8277E318D119FB0019B85C /* libCedarAsync-StaticLib.a in Frameworks */,
				AE82777318CF7BB50019B85C /* CoreGraphics.framework in Frameworks */,
				AE82777118CF7BB50019B85C /* UIKit.framework in Frameworks */,
				AE82777F18CF7BB60019B85C /* Cedar-iOS.framework in Frameworks */,
				AE82777218CF7BB50019B85C /* Foundation.framework in Frameworks */,
			);
			runOnlyForDeploymentPostprocessing = 0;
		};
/* End PBXFrameworksBuildPhase section */

/* Begin PBXGroup section */
		AE82773118CF781A0019B85C = {
			isa = PBXGroup;
			children = (
				AE82779918D118610019B85C /* External */,
				AE82774318CF781A0019B85C /* redditClient */,
				AE82777418CF7BB50019B85C /* Spec (redditClient) */,
				AE82773C18CF781A0019B85C /* Frameworks */,
				AE82773B18CF781A0019B85C /* Products */,
				DE99C23A05ECBA976D19C0D8 /* Post.m */,
				DE99CA57149FB810E8C1B0B3 /* Post.h */,
			);
			sourceTree = "<group>";
		};
		AE82773B18CF781A0019B85C /* Products */ = {
			isa = PBXGroup;
			children = (
				AE82773A18CF781A0019B85C /* redditClient.app */,
				AE82777018CF7BB50019B85C /* Spec (redditClient).app */,
			);
			name = Products;
			sourceTree = "<group>";
		};
		AE82773C18CF781A0019B85C /* Frameworks */ = {
			isa = PBXGroup;
			children = (
				AE82773D18CF781A0019B85C /* Foundation.framework */,
				AE82773F18CF781A0019B85C /* CoreGraphics.framework */,
				AE82774118CF781A0019B85C /* UIKit.framework */,
				AE82775618CF781A0019B85C /* XCTest.framework */,
			);
			name = Frameworks;
			sourceTree = "<group>";
		};
		AE82774318CF781A0019B85C /* redditClient */ = {
			isa = PBXGroup;
			children = (
				DE99CBB85F86F8C1708C4FA7 /* SubredditViewController.m */,
				AE82783B18D2611E0019B85C /* SubredditViewController.xib */,
				DE99CFB14C36442CA32977B4 /* SubredditViewController.h */,
				AE82774C18CF781A0019B85C /* AppDelegate.h */,
				AE82774D18CF781A0019B85C /* AppDelegate.m */,
				AE82774F18CF781A0019B85C /* Images.xcassets */,
				AE82774418CF781A0019B85C /* Supporting Files */,
				AE82778718CF82370019B85C /* PopularSubredditsViewController.h */,
				AE82778818CF82370019B85C /* PopularSubredditsViewController.m */,
				AE82779018CF91330019B85C /* PopularSubredditsViewController.xib */,
				DE99C15629B7D86DC0818819 /* HttpRedditClient.m */,
				DE99C560C21032003C8563CD /* HttpRedditClient.h */,
				DE99C6331BC7C339E895BFEF /* SubredditRepository.m */,
				DE99CA1C614EEA7752E2C16E /* SubredditRepository.h */,
				DE99CFBDEF6474A4397DC2A8 /* SubredditRepositoryProvider.m */,
				DE99CDC1E293857B82FA30FA /* SubredditRepositoryProvider.h */,
				DE99CB20D351877B9696D5CF /* Interfaces */,
				AE82784918D374090019B85C /* SubredditPostCell.xib */,
				AE82784C18D3743F0019B85C /* SubredditPostCell.h */,
				AE82784D18D3743F0019B85C /* SubredditPostCell.m */,
			);
			path = redditClient;
			sourceTree = "<group>";
		};
		AE82774418CF781A0019B85C /* Supporting Files */ = {
			isa = PBXGroup;
			children = (
				AE82774518CF781A0019B85C /* redditClient-Info.plist */,
				AE82774618CF781A0019B85C /* InfoPlist.strings */,
				AE82774918CF781A0019B85C /* main.m */,
				AE82774B18CF781A0019B85C /* redditClient-Prefix.pch */,
			);
			name = "Supporting Files";
			sourceTree = "<group>";
		};
		AE82777418CF7BB50019B85C /* Spec (redditClient) */ = {
			isa = PBXGroup;
			children = (
				AE8277F518D227120019B85C /* UIKit.xcodeproj */,
				AE82777D18CF7BB50019B85C /* Rakefile */,
				AE82777E18CF7BB60019B85C /* Cedar-iOS.framework */,
				AE82777518CF7BB50019B85C /* Supporting Files */,
				AE82778C18CF8AB60019B85C /* AppDelegateSpec.mm */,
				AE82778E18CF8D2E0019B85C /* PopularSubredditsViewControllerSpec.mm */,
				AE82779518D0D3990019B85C /* SubredditRepositorySpec.mm */,
				AE82779718D111A60019B85C /* HttpRedditClientSpec.mm */,
				AE82782018D23E610019B85C /* SubredditViewControllerSpec.mm */,
			);
			path = "Spec (redditClient)";
			sourceTree = "<group>";
		};
		AE82777518CF7BB50019B85C /* Supporting Files */ = {
			isa = PBXGroup;
			children = (
				AE82777618CF7BB50019B85C /* Spec (redditClient)-Info.plist */,
				AE82777718CF7BB50019B85C /* InfoPlist.strings */,
				AE82777A18CF7BB50019B85C /* main.m */,
				AE82777C18CF7BB50019B85C /* Spec (redditClient)-Prefix.pch */,
			);
			name = "Supporting Files";
			sourceTree = "<group>";
		};
		AE82779918D118610019B85C /* External */ = {
			isa = PBXGroup;
			children = (
				AE8277D418D118D90019B85C /* CedarAsync.xcodeproj */,
			);
			path = External;
			sourceTree = "<group>";
		};
		AE8277D518D118D90019B85C /* Products */ = {
			isa = PBXGroup;
			children = (
				AE8277DB18D118DA0019B85C /* CedarAsync.framework */,
				AE8277DD18D118DA0019B85C /* libCedarAsync-StaticLib.a */,
				AE8277DF18D118DA0019B85C /* CedarAsyncSpecs.app */,
			);
			name = Products;
			sourceTree = "<group>";
		};
		AE8277F618D227120019B85C /* Products */ = {
			isa = PBXGroup;
			children = (
				AE82780318D227120019B85C /* libUIKit+PivotalCore-StaticLib.a */,
				AE82780518D227120019B85C /* libUIKit+PivotalSpecHelper-StaticLib.a */,
				AE82780718D227120019B85C /* libUIKit+PivotalSpecHelperStubs-StaticLib.a */,
				AE82780918D227120019B85C /* UIKit-StaticLibSpec.app */,
			);
			name = Products;
			sourceTree = "<group>";
		};
		DE99CB20D351877B9696D5CF /* Interfaces */ = {
			isa = PBXGroup;
			children = (
				DE99C0D099572AEB4476FDCF /* RedditAPIClient.h */,
			);
			path = Interfaces;
			sourceTree = "<group>";
		};
/* End PBXGroup section */

/* Begin PBXNativeTarget section */
		AE82773918CF781A0019B85C /* redditClient */ = {
			isa = PBXNativeTarget;
			buildConfigurationList = AE82776618CF781A0019B85C /* Build configuration list for PBXNativeTarget "redditClient" */;
			buildPhases = (
				AE82773618CF781A0019B85C /* Sources */,
				AE82773718CF781A0019B85C /* Frameworks */,
				AE82773818CF781A0019B85C /* Resources */,
			);
			buildRules = (
			);
			dependencies = (
			);
			name = redditClient;
			productName = redditClient;
			productReference = AE82773A18CF781A0019B85C /* redditClient.app */;
			productType = "com.apple.product-type.application";
		};
		AE82776F18CF7BB50019B85C /* Spec (redditClient) */ = {
			isa = PBXNativeTarget;
			buildConfigurationList = AE82778218CF7BB60019B85C /* Build configuration list for PBXNativeTarget "Spec (redditClient)" */;
			buildPhases = (
				AE82776C18CF7BB50019B85C /* Sources */,
				AE82776D18CF7BB50019B85C /* Frameworks */,
				AE82776E18CF7BB50019B85C /* Resources */,
			);
			buildRules = (
			);
			dependencies = (
				AE82780B18D2273B0019B85C /* PBXTargetDependency */,
			);
			name = "Spec (redditClient)";
			productName = "Spec (redditClient)";
			productReference = AE82777018CF7BB50019B85C /* Spec (redditClient).app */;
			productType = "com.apple.product-type.application";
		};
/* End PBXNativeTarget section */

/* Begin PBXProject section */
		AE82773218CF781A0019B85C /* Project object */ = {
			isa = PBXProject;
			attributes = {
				LastUpgradeCheck = 0500;
				ORGANIZATIONNAME = pivotal;
			};
			buildConfigurationList = AE82773518CF781A0019B85C /* Build configuration list for PBXProject "redditClient" */;
			compatibilityVersion = "Xcode 3.2";
			developmentRegion = English;
			hasScannedForEncodings = 0;
			knownRegions = (
				en,
			);
			mainGroup = AE82773118CF781A0019B85C;
			productRefGroup = AE82773B18CF781A0019B85C /* Products */;
			projectDirPath = "";
			projectReferences = (
				{
					ProductGroup = AE8277D518D118D90019B85C /* Products */;
					ProjectRef = AE8277D418D118D90019B85C /* CedarAsync.xcodeproj */;
				},
				{
					ProductGroup = AE8277F618D227120019B85C /* Products */;
					ProjectRef = AE8277F518D227120019B85C /* UIKit.xcodeproj */;
				},
			);
			projectRoot = "";
			targets = (
				AE82773918CF781A0019B85C /* redditClient */,
				AE82776F18CF7BB50019B85C /* Spec (redditClient) */,
			);
		};
/* End PBXProject section */

/* Begin PBXReferenceProxy section */
		AE8277DB18D118DA0019B85C /* CedarAsync.framework */ = {
			isa = PBXReferenceProxy;
			fileType = wrapper.framework;
			path = CedarAsync.framework;
			remoteRef = AE8277DA18D118DA0019B85C /* PBXContainerItemProxy */;
			sourceTree = BUILT_PRODUCTS_DIR;
		};
		AE8277DD18D118DA0019B85C /* libCedarAsync-StaticLib.a */ = {
			isa = PBXReferenceProxy;
			fileType = archive.ar;
			path = "libCedarAsync-StaticLib.a";
			remoteRef = AE8277DC18D118DA0019B85C /* PBXContainerItemProxy */;
			sourceTree = BUILT_PRODUCTS_DIR;
		};
		AE8277DF18D118DA0019B85C /* CedarAsyncSpecs.app */ = {
			isa = PBXReferenceProxy;
			fileType = wrapper.application;
			path = CedarAsyncSpecs.app;
			remoteRef = AE8277DE18D118DA0019B85C /* PBXContainerItemProxy */;
			sourceTree = BUILT_PRODUCTS_DIR;
		};
		AE82780318D227120019B85C /* libUIKit+PivotalCore-StaticLib.a */ = {
			isa = PBXReferenceProxy;
			fileType = archive.ar;
			path = "libUIKit+PivotalCore-StaticLib.a";
			remoteRef = AE82780218D227120019B85C /* PBXContainerItemProxy */;
			sourceTree = BUILT_PRODUCTS_DIR;
		};
		AE82780518D227120019B85C /* libUIKit+PivotalSpecHelper-StaticLib.a */ = {
			isa = PBXReferenceProxy;
			fileType = archive.ar;
			path = "libUIKit+PivotalSpecHelper-StaticLib.a";
			remoteRef = AE82780418D227120019B85C /* PBXContainerItemProxy */;
			sourceTree = BUILT_PRODUCTS_DIR;
		};
		AE82780718D227120019B85C /* libUIKit+PivotalSpecHelperStubs-StaticLib.a */ = {
			isa = PBXReferenceProxy;
			fileType = archive.ar;
			path = "libUIKit+PivotalSpecHelperStubs-StaticLib.a";
			remoteRef = AE82780618D227120019B85C /* PBXContainerItemProxy */;
			sourceTree = BUILT_PRODUCTS_DIR;
		};
		AE82780918D227120019B85C /* UIKit-StaticLibSpec.app */ = {
			isa = PBXReferenceProxy;
			fileType = wrapper.application;
			path = "UIKit-StaticLibSpec.app";
			remoteRef = AE82780818D227120019B85C /* PBXContainerItemProxy */;
			sourceTree = BUILT_PRODUCTS_DIR;
		};
/* End PBXReferenceProxy section */

/* Begin PBXResourcesBuildPhase section */
		AE82773818CF781A0019B85C /* Resources */ = {
			isa = PBXResourcesBuildPhase;
			buildActionMask = 2147483647;
			files = (
				AE82774818CF781A0019B85C /* InfoPlist.strings in Resources */,
				AE82775018CF781A0019B85C /* Images.xcassets in Resources */,
				AE82784A18D374090019B85C /* SubredditPostCell.xib in Resources */,
				AE82779118CF91330019B85C /* PopularSubredditsViewController.xib in Resources */,
				AE82783C18D2611E0019B85C /* SubredditViewController.xib in Resources */,
			);
			runOnlyForDeploymentPostprocessing = 0;
		};
		AE82776E18CF7BB50019B85C /* Resources */ = {
			isa = PBXResourcesBuildPhase;
			buildActionMask = 2147483647;
			files = (
				AE82783D18D2611E0019B85C /* SubredditViewController.xib in Resources */,
				AE82777918CF7BB50019B85C /* InfoPlist.strings in Resources */,
				AE82784B18D374090019B85C /* SubredditPostCell.xib in Resources */,
				AE82779218CF91330019B85C /* PopularSubredditsViewController.xib in Resources */,
			);
			runOnlyForDeploymentPostprocessing = 0;
		};
/* End PBXResourcesBuildPhase section */

/* Begin PBXSourcesBuildPhase section */
		AE82773618CF781A0019B85C /* Sources */ = {
			isa = PBXSourcesBuildPhase;
			buildActionMask = 2147483647;
			files = (
				AE82778918CF82370019B85C /* PopularSubredditsViewController.m in Sources */,
				AE82774E18CF781A0019B85C /* AppDelegate.m in Sources */,
				AE82774A18CF781A0019B85C /* main.m in Sources */,
				DE99CFCD46364B38B57335BF /* HttpRedditClient.m in Sources */,
				DE99CD73B5FECA86A04D3860 /* SubredditRepository.m in Sources */,
				AE82784E18D3743F0019B85C /* SubredditPostCell.m in Sources */,
				DE99C829A87DEE07AD6A0C8D /* SubredditRepositoryProvider.m in Sources */,
				DE99C19AAD652FF72C136E4B /* SubredditViewController.m in Sources */,
				DE99C8DD2B690B80196566B0 /* Post.m in Sources */,
			);
			runOnlyForDeploymentPostprocessing = 0;
		};
		AE82776C18CF7BB50019B85C /* Sources */ = {
			isa = PBXSourcesBuildPhase;
			buildActionMask = 2147483647;
			files = (
				AE82778B18CF87FF0019B85C /* AppDelegate.m in Sources */,
				AE82778D18CF8AB60019B85C /* AppDelegateSpec.mm in Sources */,
				AE82777B18CF7BB50019B85C /* main.m in Sources */,
				AE82778A18CF82370019B85C /* PopularSubredditsViewController.m in Sources */,
				AE82778F18CF8D2E0019B85C /* PopularSubredditsViewControllerSpec.mm in Sources */,
				AE82779818D111A60019B85C /* HttpRedditClientSpec.mm in Sources */,
				DE99CE96D1406CC4904B4596 /* HttpRedditClient.m in Sources */,
				DE99C476FEF9CAEAC34AE8A2 /* SubredditRepository.m in Sources */,
				AE82784F18D3743F0019B85C /* SubredditPostCell.m in Sources */,
				DE99C4AB50B8AD76BC6D33DD /* SubredditRepositoryProvider.m in Sources */,
				AE82779618D0D3990019B85C /* SubredditRepositorySpec.mm in Sources */,
				AE82782118D23E610019B85C /* SubredditViewControllerSpec.mm in Sources */,
				DE99C9374359022D9B26741D /* SubredditViewController.m in Sources */,
				DE99CC4AC7F0B7D01A45A800 /* Post.m in Sources */,
			);
			runOnlyForDeploymentPostprocessing = 0;
		};
/* End PBXSourcesBuildPhase section */

/* Begin PBXTargetDependency section */
		AE82780B18D2273B0019B85C /* PBXTargetDependency */ = {
			isa = PBXTargetDependency;
			name = "UIKit+PivotalSpecHelper-StaticLib";
			targetProxy = AE82780A18D2273B0019B85C /* PBXContainerItemProxy */;
		};
/* End PBXTargetDependency section */

/* Begin PBXVariantGroup section */
		AE82774618CF781A0019B85C /* InfoPlist.strings */ = {
			isa = PBXVariantGroup;
			children = (
				AE82774718CF781A0019B85C /* en */,
			);
			name = InfoPlist.strings;
			sourceTree = "<group>";
		};
		AE82777718CF7BB50019B85C /* InfoPlist.strings */ = {
			isa = PBXVariantGroup;
			children = (
				AE82777818CF7BB50019B85C /* en */,
			);
			name = InfoPlist.strings;
			sourceTree = "<group>";
		};
/* End PBXVariantGroup section */

/* Begin XCBuildConfiguration section */
		AE82776418CF781A0019B85C /* Debug */ = {
			isa = XCBuildConfiguration;
			buildSettings = {
				ALWAYS_SEARCH_USER_PATHS = NO;
				ARCHS = "$(ARCHS_STANDARD_INCLUDING_64_BIT)";
				CLANG_CXX_LANGUAGE_STANDARD = "gnu++0x";
				CLANG_CXX_LIBRARY = "libc++";
				CLANG_ENABLE_MODULES = YES;
				CLANG_ENABLE_OBJC_ARC = YES;
				CLANG_WARN_BOOL_CONVERSION = YES;
				CLANG_WARN_CONSTANT_CONVERSION = YES;
				CLANG_WARN_DIRECT_OBJC_ISA_USAGE = YES_ERROR;
				CLANG_WARN_EMPTY_BODY = YES;
				CLANG_WARN_ENUM_CONVERSION = YES;
				CLANG_WARN_INT_CONVERSION = YES;
				CLANG_WARN_OBJC_ROOT_CLASS = YES_ERROR;
				CLANG_WARN__DUPLICATE_METHOD_MATCH = YES;
				"CODE_SIGN_IDENTITY[sdk=iphoneos*]" = "iPhone Developer";
				COPY_PHASE_STRIP = NO;
				GCC_C_LANGUAGE_STANDARD = gnu99;
				GCC_DYNAMIC_NO_PIC = NO;
				GCC_OPTIMIZATION_LEVEL = 0;
				GCC_PREPROCESSOR_DEFINITIONS = (
					"DEBUG=1",
					"$(inherited)",
				);
				GCC_SYMBOLS_PRIVATE_EXTERN = NO;
				GCC_WARN_64_TO_32_BIT_CONVERSION = YES;
				GCC_WARN_ABOUT_RETURN_TYPE = YES_ERROR;
				GCC_WARN_UNDECLARED_SELECTOR = YES;
				GCC_WARN_UNINITIALIZED_AUTOS = YES;
				GCC_WARN_UNUSED_FUNCTION = YES;
				GCC_WARN_UNUSED_VARIABLE = YES;
				IPHONEOS_DEPLOYMENT_TARGET = 7.0;
				ONLY_ACTIVE_ARCH = YES;
				SDKROOT = iphoneos;
			};
			name = Debug;
		};
		AE82776518CF781A0019B85C /* Release */ = {
			isa = XCBuildConfiguration;
			buildSettings = {
				ALWAYS_SEARCH_USER_PATHS = NO;
				ARCHS = "$(ARCHS_STANDARD_INCLUDING_64_BIT)";
				CLANG_CXX_LANGUAGE_STANDARD = "gnu++0x";
				CLANG_CXX_LIBRARY = "libc++";
				CLANG_ENABLE_MODULES = YES;
				CLANG_ENABLE_OBJC_ARC = YES;
				CLANG_WARN_BOOL_CONVERSION = YES;
				CLANG_WARN_CONSTANT_CONVERSION = YES;
				CLANG_WARN_DIRECT_OBJC_ISA_USAGE = YES_ERROR;
				CLANG_WARN_EMPTY_BODY = YES;
				CLANG_WARN_ENUM_CONVERSION = YES;
				CLANG_WARN_INT_CONVERSION = YES;
				CLANG_WARN_OBJC_ROOT_CLASS = YES_ERROR;
				CLANG_WARN__DUPLICATE_METHOD_MATCH = YES;
				"CODE_SIGN_IDENTITY[sdk=iphoneos*]" = "iPhone Developer";
				COPY_PHASE_STRIP = YES;
				ENABLE_NS_ASSERTIONS = NO;
				GCC_C_LANGUAGE_STANDARD = gnu99;
				GCC_WARN_64_TO_32_BIT_CONVERSION = YES;
				GCC_WARN_ABOUT_RETURN_TYPE = YES_ERROR;
				GCC_WARN_UNDECLARED_SELECTOR = YES;
				GCC_WARN_UNINITIALIZED_AUTOS = YES;
				GCC_WARN_UNUSED_FUNCTION = YES;
				GCC_WARN_UNUSED_VARIABLE = YES;
				IPHONEOS_DEPLOYMENT_TARGET = 7.0;
				SDKROOT = iphoneos;
				VALIDATE_PRODUCT = YES;
			};
			name = Release;
		};
		AE82776718CF781A0019B85C /* Debug */ = {
			isa = XCBuildConfiguration;
			buildSettings = {
				ASSETCATALOG_COMPILER_APPICON_NAME = AppIcon;
				ASSETCATALOG_COMPILER_LAUNCHIMAGE_NAME = LaunchImage;
				FRAMEWORK_SEARCH_PATHS = (
					"$(inherited)",
					"$(SYSTEM_APPS_DIR)/Reveal.app/Contents/SharedSupport/iOS-Libraries",
				);
				GCC_PRECOMPILE_PREFIX_HEADER = YES;
				GCC_PREFIX_HEADER = "redditClient/redditClient-Prefix.pch";
				INFOPLIST_FILE = "redditClient/redditClient-Info.plist";
				OTHER_LDFLAGS = " -ObjC";
				PRODUCT_NAME = "$(TARGET_NAME)";
				WRAPPER_EXTENSION = app;
			};
			name = Debug;
		};
		AE82776818CF781A0019B85C /* Release */ = {
			isa = XCBuildConfiguration;
			buildSettings = {
				ASSETCATALOG_COMPILER_APPICON_NAME = AppIcon;
				ASSETCATALOG_COMPILER_LAUNCHIMAGE_NAME = LaunchImage;
				FRAMEWORK_SEARCH_PATHS = (
					"$(inherited)",
					"$(SYSTEM_APPS_DIR)/Reveal.app/Contents/SharedSupport/iOS-Libraries",
				);
				GCC_PRECOMPILE_PREFIX_HEADER = YES;
				GCC_PREFIX_HEADER = "redditClient/redditClient-Prefix.pch";
				INFOPLIST_FILE = "redditClient/redditClient-Info.plist";
				OTHER_LDFLAGS = " -ObjC";
				PRODUCT_NAME = "$(TARGET_NAME)";
				WRAPPER_EXTENSION = app;
			};
			name = Release;
		};
		AE82778318CF7BB60019B85C /* Debug */ = {
			isa = XCBuildConfiguration;
			buildSettings = {
				ARCHS = "$(ARCHS_STANDARD_INCLUDING_64_BIT)";
				"CODE_SIGN_IDENTITY[sdk=iphoneos*]" = "iPhone Developer";
				FRAMEWORK_SEARCH_PATHS = (
					"$(inherited)",
					"/Users/pivotal/workspace/redditClient/Spec\\ (redditClient)/Frameworks",
					/Users/pivotal/workspace/redditClient/External/CedarAsync/External,
				);
				GCC_PRECOMPILE_PREFIX_HEADER = YES;
				GCC_PREFIX_HEADER = "Spec (redditClient)/Spec (redditClient)-Prefix.pch";
				GCC_PREPROCESSOR_DEFINITIONS = (
					"DEBUG=1",
					"$(inherited)",
				);
				HEADER_SEARCH_PATHS = (
					"$(inherited)",
					/Applications/Xcode.app/Contents/Developer/Toolchains/XcodeDefault.xctoolchain/usr/include,
					"$(SRCROOT)/External/CedarAsync/**",
					"$(SRCROOT)/Externals/PivotalCoreKit/UIKit/**",
				);
				INFOPLIST_FILE = "Spec (redditClient)/Spec (redditClient)-Info.plist";
				OTHER_LDFLAGS = (
					"-ObjC",
					"-all_load",
					"-lstdc++",
				);
				PRODUCT_NAME = "$(TARGET_NAME)";
				WRAPPER_EXTENSION = app;
			};
			name = Debug;
		};
		AE82778418CF7BB60019B85C /* Release */ = {
			isa = XCBuildConfiguration;
			buildSettings = {
				ARCHS = "$(ARCHS_STANDARD_INCLUDING_64_BIT)";
				"CODE_SIGN_IDENTITY[sdk=iphoneos*]" = "iPhone Developer";
				FRAMEWORK_SEARCH_PATHS = (
					"$(inherited)",
					"/Users/pivotal/workspace/redditClient/Spec\\ (redditClient)/Frameworks",
					/Users/pivotal/workspace/redditClient/External/CedarAsync/External,
				);
				GCC_PRECOMPILE_PREFIX_HEADER = YES;
				GCC_PREFIX_HEADER = "Spec (redditClient)/Spec (redditClient)-Prefix.pch";
				HEADER_SEARCH_PATHS = (
					"$(inherited)",
					/Applications/Xcode.app/Contents/Developer/Toolchains/XcodeDefault.xctoolchain/usr/include,
					"$(SRCROOT)/External/CedarAsync/**",
					"$(SRCROOT)/Externals/PivotalCoreKit/UIKit/**",
				);
				INFOPLIST_FILE = "Spec (redditClient)/Spec (redditClient)-Info.plist";
				OTHER_CFLAGS = "-DNS_BLOCK_ASSERTIONS=1";
				OTHER_LDFLAGS = (
					"-ObjC",
					"-all_load",
					"-lstdc++",
				);
				PRODUCT_NAME = "$(TARGET_NAME)";
				WRAPPER_EXTENSION = app;
			};
			name = Release;
		};
/* End XCBuildConfiguration section */

/* Begin XCConfigurationList section */
		AE82773518CF781A0019B85C /* Build configuration list for PBXProject "redditClient" */ = {
			isa = XCConfigurationList;
			buildConfigurations = (
				AE82776418CF781A0019B85C /* Debug */,
				AE82776518CF781A0019B85C /* Release */,
			);
			defaultConfigurationIsVisible = 0;
			defaultConfigurationName = Release;
		};
		AE82776618CF781A0019B85C /* Build configuration list for PBXNativeTarget "redditClient" */ = {
			isa = XCConfigurationList;
			buildConfigurations = (
				AE82776718CF781A0019B85C /* Debug */,
				AE82776818CF781A0019B85C /* Release */,
			);
			defaultConfigurationIsVisible = 0;
			defaultConfigurationName = Release;
		};
		AE82778218CF7BB60019B85C /* Build configuration list for PBXNativeTarget "Spec (redditClient)" */ = {
			isa = XCConfigurationList;
			buildConfigurations = (
				AE82778318CF7BB60019B85C /* Debug */,
				AE82778418CF7BB60019B85C /* Release */,
			);
			defaultConfigurationIsVisible = 0;
			defaultConfigurationName = Release;
		};
/* End XCConfigurationList section */
	};
	rootObject = AE82773218CF781A0019B85C /* Project object */;
}
